
Microsoft Visual Studio Solution File, Format Version 12.00
# Visual Studio Version 17
VisualStudioVersion = 17.14.37111.16
MinimumVisualStudioVersion = 10.0.40219.1
Project("{FAE04EC0-301F-11D3-BF4B-00C04F79EFBC}") = "Lab 7-9 Contacts", "Lab 7-9 Contacts\Lab 7-9 Contacts.csproj", "{F156F7D1-6A1F-4CD9-BE55-D0BC9F5B8400}"
EndProject
Global
	GlobalSection(SolutionConfigurationPlatforms) = preSolution
		Debug|Any CPU = Debug|Any CPU
		Debug|x86 = Debug|x86
		Release|Any CPU = Release|Any CPU
		Release|x86 = Release|x86
	EndGlobalSection
	GlobalSection(ProjectConfigurationPlatforms) = postSolution
		{F156F7D1-6A1F-4CD9-BE55-D0BC9F5B8400}.Debug|Any CPU.ActiveCfg = Debug|Any CPU
		{F156F7D1-6A1F-4CD9-BE55-D0BC9F5B8400}.Debug|Any CPU.Build.0 = Debug|Any CPU
		{F156F7D1-6A1F-4CD9-BE55-D0BC9F5B8400}.Debug|x86.ActiveCfg = Debug|x86
		{F156F7D1-6A1F-4CD9-BE55-D0BC9F5B8400}.Debug|x86.Build.0 = Debug|x86
		{F156F7D1-6A1F-4CD9-BE55-D0BC9F5B8400}.Release|Any CPU.ActiveCfg = Release|Any CPU
		{F156F7D1-6A1F-4CD9-BE55-D0BC9F5B8400}.Release|Any CPU.Build.0 = Release|Any CPU
		{F156F7D1-6A1F-4CD9-BE55-D0BC9F5B8400}.Release|x86.ActiveCfg = Release|x86
		{F156F7D1-6A1F-4CD9-BE55-D0BC9F5B8400}.Release|x86.Build.0 = Release|x86
	EndGlobalSection
	GlobalSection(SolutionProperties) = preSolution
		HideSolutionNode = FALSE
	EndGlobalSection
	GlobalSection(ExtensibilityGlobals) = postSolution
		SolutionGuid = {8326B450-E821-4F5A-B1B9-01549344E462}
	EndGlobalSection
EndGlobal
